{
  "name": "redux",
  "version": "1.0.0",
  "lockfileVersion": 3,
  "requires": true,
  "packages": {
    "": {
      "name": "redux",
      "version": "1.0.0",
      "license": "ISC",
      "dependencies": {
        "redux": "^4.2.1",
        "redux-logger": "^3.0.6",
        "redux-thunk": "^2.4.2"
      }
    },
    "node_modules/@babel/runtime": {
      "version": "7.22.6",
      "resolved": "https://registry.npmjs.org/@babel/runtime/-/runtime-7.22.6.tgz",
      "integrity": "sha512-wDb5pWm4WDdF6LFUde3Jl8WzPA+3ZbxYqkC6xAXuD3irdEHN1k0NfTRrJD8ZD378SJ61miMLCqIOXYhd8x+AJQ==",
      "dependencies": {
        "regenerator-runtime": "^0.13.11"
      },
      "engines": {
        "node": ">=6.9.0"
      }
    },
    "node_modules/deep-diff": {
      "version": "0.3.8",
      "resolved": "https://registry.npmjs.org/deep-diff/-/deep-diff-0.3.8.tgz",
      "integrity": "sha512-yVn6RZmHiGnxRKR9sJb3iVV2XTF1Ghh2DiWRZ3dMnGc43yUdWWF/kX6lQyk3+P84iprfWKU/8zFTrlkvtFm1ug=="
    },
    "node_modules/redux": {
      "version": "4.2.1",
      "resolved": "https://registry.npmjs.org/redux/-/redux-4.2.1.tgz",
      "integrity": "sha512-LAUYz4lc+Do8/g7aeRa8JkyDErK6ekstQaqWQrNRW//MY1TvCEpMtpTWvlQ+FPbWCx+Xixu/6SHt5N0HR+SB4w==",
      "dependencies": {
        "@babel/runtime": "^7.9.2"
      }
    },
    "node_modules/redux-logger": {
      "version": "3.0.6",
      "resolved": "https://registry.npmjs.org/redux-logger/-/redux-logger-3.0.6.tgz",
      "integrity": "sha512-JoCIok7bg/XpqA1JqCqXFypuqBbQzGQySrhFzewB7ThcnysTO30l4VCst86AuB9T9tuT03MAA56Jw2PNhRSNCg==",
      "dependencies": {
        "deep-diff": "^0.3.5"
      }
    },
    "node_modules/redux-thunk": {
      "version": "2.4.2",
      "resolved": "https://registry.npmjs.org/redux-thunk/-/redux-thunk-2.4.2.tgz",
      "integrity": "sha512-+P3TjtnP0k/FEjcBL5FZpoovtvrTNT/UXd4/sluaSyrURlSlhLSzEdfsTBW7WsKB6yPvgd7q/iZPICFjW4o57Q==",
      "peerDependencies": {
        "redux": "^4"
      }
    },
    "node_modules/regenerator-runtime": {
      "version": "0.13.11",
      "resolved": "https://registry.npmjs.org/regenerator-runtime/-/regenerator-runtime-0.13.11.tgz",
      "integrity": "sha512-kY1AZVr2Ra+t+piVaJ4gxaFaReZVH40AKNo7UCX6W+dEwBo/2oZJzqfuN1qLq1oL45o56cPaTXELwrTh8Fpggg=="
    }
  }
}
